
Microsoft Visual Studio Solution File, Format Version 12.00
# Visual Studio Version 17
VisualStudioVersion = 17.4.33110.190
MinimumVisualStudioVersion = 10.0.40219.1
Project("{FAE04EC0-301F-11D3-BF4B-00C04F79EFBC}") = "channelCenter", "channelCenter\channelCenter.csproj", "{30A8C2D2-934A-4753-A52E-50313B51271F}"
EndProject
Global
	GlobalSection(SolutionConfigurationPlatforms) = preSolution
		Debug|Any CPU = Debug|Any CPU
		Release|Any CPU = Release|Any CPU
	EndGlobalSection
	GlobalSection(ProjectConfigurationPlatforms) = postSolution
		{30A8C2D2-934A-4753-A52E-50313B51271F}.Debug|Any CPU.ActiveCfg = Debug|Any CPU
		{30A8C2D2-934A-4753-A52E-50313B51271F}.Debug|Any CPU.Build.0 = Debug|Any CPU
		{30A8C2D2-934A-4753-A52E-50313B51271F}.Release|Any CPU.ActiveCfg = Release|Any CPU
		{30A8C2D2-934A-4753-A52E-50313B51271F}.Release|Any CPU.Build.0 = Release|Any CPU
	EndGlobalSection
	GlobalSection(SolutionProperties) = preSolution
		HideSolutionNode = FALSE
	EndGlobalSection
	GlobalSection(ExtensibilityGlobals) = postSolution
		SolutionGuid = {5328B2F9-25F3-4649-9EB3-7610DD5AF2A6}
	EndGlobalSection
EndGlobal
